
Microsoft Visual Studio Solution File, Format Version 12.00
# Visual Studio Version 16
VisualStudioVersion = 16.0.31005.135
MinimumVisualStudioVersion = 10.0.40219.1
Project("{FAE04EC0-301F-11D3-BF4B-00C04F79EFBC}") = "CreateShapes", "CreateShapes\CreateShapes.csproj", "{D1CB8DB9-A731-4157-AC30-BD0ECD17F513}"
EndProject
Global
	GlobalSection(SolutionConfigurationPlatforms) = preSolution
		Debug|Any CPU = Debug|Any CPU
		Release|Any CPU = Release|Any CPU
	EndGlobalSection
	GlobalSection(ProjectConfigurationPlatforms) = postSolution
		{D1CB8DB9-A731-4157-AC30-BD0ECD17F513}.Debug|Any CPU.ActiveCfg = Debug|Any CPU
		{D1CB8DB9-A731-4157-AC30-BD0ECD17F513}.Debug|Any CPU.Build.0 = Debug|Any CPU
		{D1CB8DB9-A731-4157-AC30-BD0ECD17F513}.Release|Any CPU.ActiveCfg = Release|Any CPU
		{D1CB8DB9-A731-4157-AC30-BD0ECD17F513}.Release|Any CPU.Build.0 = Release|Any CPU
	EndGlobalSection
	GlobalSection(SolutionProperties) = preSolution
		HideSolutionNode = FALSE
	EndGlobalSection
	GlobalSection(ExtensibilityGlobals) = postSolution
		SolutionGuid = {8CC3094A-DF46-44DC-B1A9-C5050FA365DF}
	EndGlobalSection
EndGlobal
